
Microsoft Visual Studio Solution File, Format Version 12.00
# Visual Studio Version 16
VisualStudioVersion = 16.0.30011.22
MinimumVisualStudioVersion = 10.0.40219.1
Project("{FAE04EC0-301F-11D3-BF4B-00C04F79EFBC}") = "Matías_Bustos[Examen]", "Matías_Bustos[Examen]\Matías_Bustos[Examen].csproj", "{178E73D5-1DE1-43BE-B519-A74365656222}"
EndProject
Global
	GlobalSection(SolutionConfigurationPlatforms) = preSolution
		Debug|Any CPU = Debug|Any CPU
		Release|Any CPU = Release|Any CPU
	EndGlobalSection
	GlobalSection(ProjectConfigurationPlatforms) = postSolution
		{178E73D5-1DE1-43BE-B519-A74365656222}.Debug|Any CPU.ActiveCfg = Debug|Any CPU
		{178E73D5-1DE1-43BE-B519-A74365656222}.Debug|Any CPU.Build.0 = Debug|Any CPU
		{178E73D5-1DE1-43BE-B519-A74365656222}.Release|Any CPU.ActiveCfg = Release|Any CPU
		{178E73D5-1DE1-43BE-B519-A74365656222}.Release|Any CPU.Build.0 = Release|Any CPU
	EndGlobalSection
	GlobalSection(SolutionProperties) = preSolution
		HideSolutionNode = FALSE
	EndGlobalSection
	GlobalSection(ExtensibilityGlobals) = postSolution
		SolutionGuid = {CF67636F-1E2D-4C47-9CCD-D476F7918FEC}
	EndGlobalSection
EndGlobal
